{
  "name": "@ocean/common",
  "version": "0.0.1",
  "lockfileVersion": 3,
  "requires": true,
  "dev": true,
  "packages": {
    "": {
      "name": "@ocean/common",
      "version": "0.0.1",
      "dev": true,
      "license": "MIT",
      "devDependencies": {
        "@ocean/common": "file:"
      }
    },
    "node_modules/@ocean/common": {
      "resolved": "",
      "link": true
    }
  }
}
