{
  "name": "@ocean/test",
  "version": "0.0.1",
  "lockfileVersion": 3,
  "requires": true,
  "dev": true,
  "packages": {
    "": {
      "name": "@ocean/test",
      "version": "0.0.1",
      "license": "MIT",
      "dependencies": {
        "@ocean/test": "file:"
      }
    },
    "node_modules/@ocean/test": {
      "resolved": "",
      "link": true
    }
  }
}
