{
  "name": "@ocean/ui",
  "version": "0.0.5",
  "lockfileVersion": 3,
  "requires": true,
  "dev": true,
  "packages": {
    "": {
      "name": "@ocean/ui",
      "version": "0.0.5",
      "license": "MIT",
      "dependencies": {
        "@ocean/ui": "file:"
      }
    },
    "node_modules/@ocean/ui": {
      "resolved": "",
      "link": true
    }
  }
}
