{
  "name": "@ocean/reaction",
  "version": "0.0.12",
  "lockfileVersion": 3,
  "requires": true,
  "packages": {
    "": {
      "name": "@ocean/reaction",
      "version": "0.0.12",
      "license": "MIT",
      "dependencies": {
        "@ocean/common": "^0.0.59",
        "@ocean/reaction": "file:"
      }
    },
    "node_modules/@ocean/common": {
      "version": "0.0.59",
      "resolved": "http://never.aims.nevermonarch.cn:64873/@ocean/common/-/common-0.0.59.tgz",
      "integrity": "sha512-8GDZ8zu/fAL6QmXeDcuTN0/2DJro5bN4BygLLTHwBQF/OMHiTpZbQX6nf3bfjVPwBxt37VJiEb5hNQ8TyPCkyg==",
      "dependencies": {
        "@ocean/common": "file:"
      }
    },
    "node_modules/@ocean/common/node_modules/@ocean/common": {
      "resolved": "node_modules/@ocean/common",
      "link": true
    },
    "node_modules/@ocean/reaction": {
      "resolved": "",
      "link": true
    }
  }
}
