{
  "name": "@ocean/reaction",
  "version": "0.0.2",
  "lockfileVersion": 3,
  "requires": true,
  "packages": {
    "": {
      "name": "@ocean/reaction",
      "version": "0.0.2",
      "license": "MIT",
      "dependencies": {
        "@ocean/common": "latest",
        "@ocean/reaction": "file:"
      },
      "devDependencies": {
        "@ocean/promise": "^0.0.9"
      }
    },
    "node_modules/@ocean/common": {
      "version": "0.0.52",
      "resolved": "http://never.aims.nevermonarch.cn:64873/@ocean/common/-/common-0.0.52.tgz",
      "integrity": "sha512-CGxXpigpfGZkGnUZDESCD/pE+pz297K+mJrS5Pe58LHQRKOQKy0LcOAiiFNAiqNRqifXrr1bz65E/nxUcaqb7Q==",
      "dependencies": {
        "@ocean/common": "file:"
      }
    },
    "node_modules/@ocean/promise": {
      "version": "0.0.9",
      "resolved": "http://never.aims.nevermonarch.cn:64873/@ocean/promise/-/promise-0.0.9.tgz",
      "integrity": "sha512-NwyYHLDB0HoTF3Mr//dbWvPH5AWreDIpWr7GXdrT2N5qoarH18TJJx6NHH/ePKGmGZ9Pl5w757xGpalyVVVPjg==",
      "dev": true,
      "dependencies": {
        "@ocean/common": "^0.0.52",
        "@ocean/promise": "file:"
      }
    },
    "node_modules/@ocean/promise/node_modules/@ocean/promise": {
      "resolved": "node_modules/@ocean/promise",
      "link": true
    },
    "node_modules/@ocean/reaction": {
      "resolved": "",
      "link": true
    }
  }
}
