{
  "name": "@ocean/reaction",
  "version": "0.0.1",
  "lockfileVersion": 3,
  "requires": true,
  "packages": {
    "": {
      "name": "@ocean/reaction",
      "version": "0.0.1",
      "license": "MIT",
      "dependencies": {
        "@ocean/reaction": "file:"
      },
      "devDependencies": {
        "@ocean/common": "latest"
      }
    },
    "node_modules/@ocean/common": {
      "version": "0.0.1",
      "resolved": "http://never.aims.nevermonarch.cn:64873/@ocean/common/-/common-0.0.1.tgz",
      "integrity": "sha512-5Mz0JdxZgIp9MsW8G2j9jNMI1YWS9uu7UsYaXU0kR4RQ5tU4RPBKy30QrhAYkHTRP2Y01UhYLzfTXvHZT1Mbqg==",
      "dev": true
    },
    "node_modules/@ocean/reaction": {
      "resolved": "",
      "link": true
    }
  }
}
