{
  "name": "@ocean/app",
  "version": "0.0.9",
  "lockfileVersion": 3,
  "requires": true,
  "dev": true,
  "packages": {
    "": {
      "name": "@ocean/app",
      "version": "0.0.9",
      "license": "MIT",
      "dependencies": {
        "@ocean/app": "file:"
      }
    },
    "node_modules/@ocean/app": {
      "resolved": "",
      "link": true
    }
  }
}
