{
  "name": "@ocean/component",
  "version": "0.0.2",
  "lockfileVersion": 3,
  "requires": true,
  "packages": {
    "": {
      "name": "@ocean/component",
      "version": "0.0.2",
      "license": "MIT",
      "dependencies": {
        "@ocean/component": "file:"
      },
      "devDependencies": {
        "@ocean/common": "^0.0.51"
      }
    },
    "node_modules/@ocean/common": {
      "version": "0.0.51",
      "resolved": "http://never.aims.nevermonarch.cn:64873/@ocean/common/-/common-0.0.51.tgz",
      "integrity": "sha512-JDO/EaPGAtcylbOrOkI5vBwvzb3YoJHZ7/o78tPhMtPgF8HAKO18h1BrwAA4XZZosSrhLHyh/6yn2pKh45TUSQ==",
      "dev": true,
      "dependencies": {
        "@ocean/common": "file:"
      }
    },
    "node_modules/@ocean/common/node_modules/@ocean/common": {
      "resolved": "node_modules/@ocean/common",
      "link": true
    },
    "node_modules/@ocean/component": {
      "resolved": "",
      "link": true
    }
  }
}
