{
  "name": "@ocean/component",
  "version": "0.0.12",
  "lockfileVersion": 3,
  "requires": true,
  "packages": {
    "": {
      "name": "@ocean/component",
      "version": "0.0.12",
      "license": "MIT",
      "dependencies": {
        "@ocean/common": "^0.0.57",
        "@ocean/component": "file:",
        "@ocean/reaction": "^0.0.7"
      }
    },
    "node_modules/@ocean/common": {
      "version": "0.0.57",
      "resolved": "http://never.aims.nevermonarch.cn:64873/@ocean/common/-/common-0.0.57.tgz",
      "integrity": "sha512-Pyk1xNo37X0XecKRQqASoIiE57W7zBSqEnm0DvfBQM2xHdhXMLoeFvYG2kd7vs41BVexgj+0JWmWAYWsng9Wsg==",
      "dependencies": {
        "@ocean/common": "file:"
      }
    },
    "node_modules/@ocean/common/node_modules/@ocean/common": {
      "resolved": "node_modules/@ocean/common",
      "link": true
    },
    "node_modules/@ocean/component": {
      "resolved": "",
      "link": true
    },
    "node_modules/@ocean/promise": {
      "version": "0.0.9",
      "resolved": "http://never.aims.nevermonarch.cn:64873/@ocean/promise/-/promise-0.0.9.tgz",
      "integrity": "sha512-NwyYHLDB0HoTF3Mr//dbWvPH5AWreDIpWr7GXdrT2N5qoarH18TJJx6NHH/ePKGmGZ9Pl5w757xGpalyVVVPjg==",
      "dependencies": {
        "@ocean/common": "^0.0.52",
        "@ocean/promise": "file:"
      }
    },
    "node_modules/@ocean/promise/node_modules/@ocean/common": {
      "version": "0.0.52",
      "resolved": "http://never.aims.nevermonarch.cn:64873/@ocean/common/-/common-0.0.52.tgz",
      "integrity": "sha512-CGxXpigpfGZkGnUZDESCD/pE+pz297K+mJrS5Pe58LHQRKOQKy0LcOAiiFNAiqNRqifXrr1bz65E/nxUcaqb7Q==",
      "dependencies": {
        "@ocean/common": "file:"
      }
    },
    "node_modules/@ocean/promise/node_modules/@ocean/common/node_modules/@ocean/common": {
      "resolved": "node_modules/@ocean/promise/node_modules/@ocean/common",
      "link": true
    },
    "node_modules/@ocean/promise/node_modules/@ocean/promise": {
      "resolved": "node_modules/@ocean/promise",
      "link": true
    },
    "node_modules/@ocean/reaction": {
      "version": "0.0.7",
      "resolved": "http://never.aims.nevermonarch.cn:64873/@ocean/reaction/-/reaction-0.0.7.tgz",
      "integrity": "sha512-Hln961Fzb4143NpLkcVueQSne3ZV2Iroe21SyeBuyTdaVDJ7pukPCeVHI5sFducvXUSaRlA100ZCasNTfL4rSQ==",
      "dependencies": {
        "@ocean/common": "^0.0.57",
        "@ocean/promise": "^0.0.9",
        "@ocean/reaction": "file:"
      }
    },
    "node_modules/@ocean/reaction/node_modules/@ocean/reaction": {
      "resolved": "node_modules/@ocean/reaction",
      "link": true
    }
  }
}
