{
  "name": "@ocean/component",
  "version": "0.0.4",
  "lockfileVersion": 3,
  "requires": true,
  "packages": {
    "": {
      "name": "@ocean/component",
      "version": "0.0.4",
      "license": "MIT",
      "dependencies": {
        "@ocean/common": "^0.0.52",
        "@ocean/component": "file:",
        "@ocean/reaction": "^0.0.2"
      }
    },
    "node_modules/@ocean/common": {
      "version": "0.0.52",
      "resolved": "http://never.aims.nevermonarch.cn:64873/@ocean/common/-/common-0.0.52.tgz",
      "integrity": "sha512-CGxXpigpfGZkGnUZDESCD/pE+pz297K+mJrS5Pe58LHQRKOQKy0LcOAiiFNAiqNRqifXrr1bz65E/nxUcaqb7Q==",
      "dependencies": {
        "@ocean/common": "file:"
      }
    },
    "node_modules/@ocean/common/node_modules/@ocean/common": {
      "resolved": "node_modules/@ocean/common",
      "link": true
    },
    "node_modules/@ocean/component": {
      "resolved": "",
      "link": true
    },
    "node_modules/@ocean/reaction": {
      "version": "0.0.2",
      "resolved": "http://never.aims.nevermonarch.cn:64873/@ocean/reaction/-/reaction-0.0.2.tgz",
      "integrity": "sha512-n8gh6JVv2ioba1SC61FEIe0YxIiT4wL2NTenLT3oRdMde1v7DF80YD96+nuIbLe82oYNa7kAaRPrAdj0kSB+dw==",
      "dependencies": {
        "@ocean/common": "latest",
        "@ocean/reaction": "file:"
      }
    },
    "node_modules/@ocean/reaction/node_modules/@ocean/reaction": {
      "resolved": "node_modules/@ocean/reaction",
      "link": true
    }
  }
}
