{
  "name": "@ocean/promise",
  "version": "0.0.2",
  "lockfileVersion": 3,
  "requires": true,
  "packages": {
    "": {
      "name": "@ocean/promise",
      "version": "0.0.2",
      "license": "MIT",
      "dependencies": {
        "@ocean/promise": "file:"
      },
      "devDependencies": {
        "@ocean/common": "^0.0.5"
      }
    },
    "node_modules/@ocean/common": {
      "version": "0.0.5",
      "resolved": "http://never.aims.nevermonarch.cn:64873/@ocean/common/-/common-0.0.5.tgz",
      "integrity": "sha512-BdKKraUfHAjXVoqjLWK+12iJP1YhSJOdV6IBKYzBLegdpqfU5UbK6ukTvhe0i5xM9wOd3ll00kH9E13Qd/gLVg==",
      "dev": true,
      "dependencies": {
        "@ocean/common": "file:"
      }
    },
    "node_modules/@ocean/common/node_modules/@ocean/common": {
      "resolved": "node_modules/@ocean/common",
      "link": true
    },
    "node_modules/@ocean/promise": {
      "resolved": "",
      "link": true
    }
  }
}
