{
  "name": "@ocean/promise",
  "version": "0.0.13",
  "lockfileVersion": 3,
  "requires": true,
  "packages": {
    "": {
      "name": "@ocean/promise",
      "version": "0.0.13",
      "license": "MIT",
      "dependencies": {
        "@ocean/common": "^0.0.57",
        "@ocean/promise": "file:",
        "@ocean/reaction": "^0.0.9"
      }
    },
    "node_modules/@ocean/common": {
      "version": "0.0.57",
      "resolved": "http://never.aims.nevermonarch.cn:64873/@ocean/common/-/common-0.0.57.tgz",
      "integrity": "sha512-Pyk1xNo37X0XecKRQqASoIiE57W7zBSqEnm0DvfBQM2xHdhXMLoeFvYG2kd7vs41BVexgj+0JWmWAYWsng9Wsg==",
      "dependencies": {
        "@ocean/common": "file:"
      }
    },
    "node_modules/@ocean/common/node_modules/@ocean/common": {
      "resolved": "node_modules/@ocean/common",
      "link": true
    },
    "node_modules/@ocean/promise": {
      "resolved": "",
      "link": true
    },
    "node_modules/@ocean/reaction": {
      "version": "0.0.9",
      "resolved": "http://never.aims.nevermonarch.cn:64873/@ocean/reaction/-/reaction-0.0.9.tgz",
      "integrity": "sha512-O05pyq7+8i6O/pikHVUqlXBFACqabLVk4ecC++nPXhfGqMny1xyEN1HXeGya0Fuh62rs8v+QSAgiavh5qD1m7w==",
      "dependencies": {
        "@ocean/common": "^0.0.57",
        "@ocean/promise": "^0.0.12",
        "@ocean/reaction": "file:"
      }
    },
    "node_modules/@ocean/reaction/node_modules/@ocean/reaction": {
      "resolved": "node_modules/@ocean/reaction",
      "link": true
    }
  }
}
